
Microsoft Visual Studio Solution File, Format Version 12.00
# Visual Studio Version 16
VisualStudioVersion = 16.0.31624.102
MinimumVisualStudioVersion = 10.0.40219.1
Project("{FAE04EC0-301F-11D3-BF4B-00C04F79EFBC}") = "PrvaMVC", "PrvaMVC\PrvaMVC.csproj", "{97CC49EC-812F-43EF-9FA1-9D6D27AF405D}"
EndProject
Global
	GlobalSection(SolutionConfigurationPlatforms) = preSolution
		Debug|Any CPU = Debug|Any CPU
		Release|Any CPU = Release|Any CPU
	EndGlobalSection
	GlobalSection(ProjectConfigurationPlatforms) = postSolution
		{97CC49EC-812F-43EF-9FA1-9D6D27AF405D}.Debug|Any CPU.ActiveCfg = Debug|Any CPU
		{97CC49EC-812F-43EF-9FA1-9D6D27AF405D}.Debug|Any CPU.Build.0 = Debug|Any CPU
		{97CC49EC-812F-43EF-9FA1-9D6D27AF405D}.Release|Any CPU.ActiveCfg = Release|Any CPU
		{97CC49EC-812F-43EF-9FA1-9D6D27AF405D}.Release|Any CPU.Build.0 = Release|Any CPU
	EndGlobalSection
	GlobalSection(SolutionProperties) = preSolution
		HideSolutionNode = FALSE
	EndGlobalSection
	GlobalSection(ExtensibilityGlobals) = postSolution
		SolutionGuid = {6DBDE12D-E380-4CCB-BA77-C610428F2D3D}
	EndGlobalSection
EndGlobal
